PODS:
  - Cedar (0.13.1)
  - Nimble (3.2.0)
  - PivotalCoreKit/Core (0.3.3):
    - PivotalCoreKit/Foundation/Core
    - PivotalCoreKit/UIKit/Core
  - PivotalCoreKit/CoreLocation/SpecHelper (0.3.3):
    - PivotalCoreKit/CoreLocation/SpecHelper/Base (= 0.3.3)
    - PivotalCoreKit/CoreLocation/SpecHelper/Extensions (= 0.3.3)
  - PivotalCoreKit/CoreLocation/SpecHelper/Base (0.3.3)
  - PivotalCoreKit/CoreLocation/SpecHelper/Extensions (0.3.3)
  - PivotalCoreKit/Development (0.3.3):
    - PivotalCoreKit/Core
    - PivotalCoreKit/CoreLocation/SpecHelper
    - PivotalCoreKit/Foundation/SpecHelper
    - PivotalCoreKit/UIKit/SpecHelper
  - PivotalCoreKit/Foundation/Core (0.3.3)
  - PivotalCoreKit/Foundation/SpecHelper (0.3.3):
    - PivotalCoreKit/Foundation/SpecHelper/Extensions (= 0.3.3)
    - PivotalCoreKit/Foundation/SpecHelper/Fakes (= 0.3.3)
    - PivotalCoreKit/Foundation/SpecHelper/Fixtures (= 0.3.3)
    - PivotalCoreKit/Foundation/SpecHelper/Helpers (= 0.3.3)
  - PivotalCoreKit/Foundation/SpecHelper/Extensions (0.3.3):
    - PivotalCoreKit/Foundation/SpecHelper/Fakes
    - PivotalCoreKit/Foundation/SpecHelper/Helpers
  - PivotalCoreKit/Foundation/SpecHelper/Fakes (0.3.3):
    - PivotalCoreKit/Foundation/SpecHelper/Fixtures
  - PivotalCoreKit/Foundation/SpecHelper/Fixtures (0.3.3)
  - PivotalCoreKit/Foundation/SpecHelper/Helpers (0.3.3)
  - PivotalCoreKit/UIKit/Core (0.3.3):
    - PivotalCoreKit/UIKit/Core/Core-arc (= 0.3.3)
  - PivotalCoreKit/UIKit/Core/Core-arc (0.3.3)
  - PivotalCoreKit/UIKit/SpecHelper (0.3.3):
    - PivotalCoreKit/UIKit/SpecHelper/Extensions (= 0.3.3)
    - PivotalCoreKit/UIKit/SpecHelper/Stubs (= 0.3.3)
    - PivotalCoreKit/UIKit/SpecHelper/Support (= 0.3.3)
  - PivotalCoreKit/UIKit/SpecHelper/Extensions (0.3.3):
    - PivotalCoreKit/UIKit/SpecHelper/Support
  - PivotalCoreKit/UIKit/SpecHelper/Stubs (0.3.3):
    - PivotalCoreKit/UIKit/SpecHelper/Stubs/Stubs-noarc (= 0.3.3)
    - PivotalCoreKit/UIKit/SpecHelper/Support
  - PivotalCoreKit/UIKit/SpecHelper/Stubs/Stubs-noarc (0.3.3):
    - PivotalCoreKit/UIKit/SpecHelper/Support
  - PivotalCoreKit/UIKit/SpecHelper/Support (0.3.3)
  - Realm (0.98.6):
    - Realm/Headers (= 0.98.6)
  - Realm/Headers (0.98.6)
  - RealmSwift (0.98.6):
    - Realm (= 0.98.6)

DEPENDENCIES:
  - Cedar (from `https://github.com/pivotal/cedar`)
  - Nimble (from `https://github.com/Quick/Nimble`)
  - PivotalCoreKit/Development (from `https://github.com/pivotal/PivotalCoreKit`)
  - RealmSwift

EXTERNAL SOURCES:
  Cedar:
    :git: https://github.com/pivotal/cedar
  Nimble:
    :git: https://github.com/Quick/Nimble
  PivotalCoreKit:
    :git: https://github.com/pivotal/PivotalCoreKit

CHECKOUT OPTIONS:
  Cedar:
    :commit: 7031c1cd39a5f93ceecf5f253799a607cbd16c0e
    :git: https://github.com/pivotal/cedar
  Nimble:
    :commit: d4cbf8d5b85933480e8b319f1aac63236fe789aa
    :git: https://github.com/Quick/Nimble
  PivotalCoreKit:
    :commit: 8acd46778fca811dfb4c2dd611f14b3fc3213d70
    :git: https://github.com/pivotal/PivotalCoreKit

SPEC CHECKSUMS:
  Cedar: 66acf4cd946fa7cf6f0f0e3abdb97823e791def5
  Nimble: 2a0cfc75e3d7e80a715a9fbe35f84f37a200b785
  PivotalCoreKit: 29665b3432abddc9e5206c9c866468c1d9ee2d70
  Realm: 44803f35418c5d89b27825a564247fcd190de37e
  RealmSwift: c7239c52c83f8c43525a5269ba7be1694da33afc

COCOAPODS: 0.39.0
